// !$*UTF8*$!
{
	archiveVersion = 1;
	classes = {
	};
	objectVersion = 46;
	objects = {

/* Begin PBXBuildFile section */
		16F435F91DDF8AF0007C3752 /* AppDelegate.swift in Sources */ = {isa = PBXBuildFile; fileRef = 16F435F81DDF8AF0007C3752 /* AppDelegate.swift */; };
		16F435FB1DDF8AF0007C3752 /* ViewController.swift in Sources */ = {isa = PBXBuildFile; fileRef = 16F435FA1DDF8AF0007C3752 /* ViewController.swift */; };
		16F435FE1DDF8AF0007C3752 /* Main.storyboard in Resources */ = {isa = PBXBuildFile; fileRef = 16F435FC1DDF8AF0007C3752 /* Main.storyboard */; };
		16F436001DDF8AF0007C3752 /* Assets.xcassets in Resources */ = {isa = PBXBuildFile; fileRef = 16F435FF1DDF8AF0007C3752 /* Assets.xcassets */; };
		16F436031DDF8AF0007C3752 /* LaunchScreen.storyboard in Resources */ = {isa = PBXBuildFile; fileRef = 16F436011DDF8AF0007C3752 /* LaunchScreen.storyboard */; };
		16F4360E1DDF8AF0007C3752 /* lottaAppTests.swift in Sources */ = {isa = PBXBuildFile; fileRef = 16F4360D1DDF8AF0007C3752 /* lottaAppTests.swift */; };
		16F436191DDF8AF0007C3752 /* lottaAppUITests.swift in Sources */ = {isa = PBXBuildFile; fileRef = 16F436181DDF8AF0007C3752 /* lottaAppUITests.swift */; };
		16F436271DDF8B35007C3752 /* FullSizeRenderTrans.png in Resources */ = {isa = PBXBuildFile; fileRef = 16F436261DDF8B35007C3752 /* FullSizeRenderTrans.png */; };
/* End PBXBuildFile section */

/* Begin PBXContainerItemProxy section */
		16F4360A1DDF8AF0007C3752 /* PBXContainerItemProxy */ = {
			isa = PBXContainerItemProxy;
			containerPortal = 16F435ED1DDF8AF0007C3752 /* Project object */;
			proxyType = 1;
			remoteGlobalIDString = 16F435F41DDF8AF0007C3752;
			remoteInfo = lottaApp;
		};
		16F436151DDF8AF0007C3752 /* PBXContainerItemProxy */ = {
			isa = PBXContainerItemProxy;
			containerPortal = 16F435ED1DDF8AF0007C3752 /* Project object */;
			proxyType = 1;
			remoteGlobalIDString = 16F435F41DDF8AF0007C3752;
			remoteInfo = lottaApp;
		};
/* End PBXContainerItemProxy section */

/* Begin PBXFileReference section */
		16F435F51DDF8AF0007C3752 /* lottaApp.app */ = {isa = PBXFileReference; explicitFileType = wrapper.application; includeInIndex = 0; path = lottaApp.app; sourceTree = BUILT_PRODUCTS_DIR; };
		16F435F81DDF8AF0007C3752 /* AppDelegate.swift */ = {isa = PBXFileReference; lastKnownFileType = sourcecode.swift; path = AppDelegate.swift; sourceTree = "<group>"; };
		16F435FA1DDF8AF0007C3752 /* ViewController.swift */ = {isa = PBXFileReference; lastKnownFileType = sourcecode.swift; path = ViewController.swift; sourceTree = "<group>"; };
		16F435FD1DDF8AF0007C3752 /* Base */ = {isa = PBXFileReference; lastKnownFileType = file.storyboard; name = Base; path = Base.lproj/Main.storyboard; sourceTree = "<group>"; };
		16F435FF1DDF8AF0007C3752 /* Assets.xcassets */ = {isa = PBXFileReference; lastKnownFileType = folder.assetcatalog; path = Assets.xcassets; sourceTree = "<group>"; };
		16F436021DDF8AF0007C3752 /* Base */ = {isa = PBXFileReference; lastKnownFileType = file.storyboard; name = Base; path = Base.lproj/LaunchScreen.storyboard; sourceTree = "<group>"; };
		16F436041DDF8AF0007C3752 /* Info.plist */ = {isa = PBXFileReference; lastKnownFileType = text.plist.xml; path = Info.plist; sourceTree = "<group>"; };
		16F436091DDF8AF0007C3752 /* lottaAppTests.xctest */ = {isa = PBXFileReference; explicitFileType = wrapper.cfbundle; includeInIndex = 0; path = lottaAppTests.xctest; sourceTree = BUILT_PRODUCTS_DIR; };
		16F4360D1DDF8AF0007C3752 /* lottaAppTests.swift */ = {isa = PBXFileReference; lastKnownFileType = sourcecode.swift; path = lottaAppTests.swift; sourceTree = "<group>"; };
		16F4360F1DDF8AF0007C3752 /* Info.plist */ = {isa = PBXFileReference; lastKnownFileType = text.plist.xml; path = Info.plist; sourceTree = "<group>"; };
		16F436141DDF8AF0007C3752 /* lottaAppUITests.xctest */ = {isa = PBXFileReference; explicitFileType = wrapper.cfbundle; includeInIndex = 0; path = lottaAppUITests.xctest; sourceTree = BUILT_PRODUCTS_DIR; };
		16F436181DDF8AF0007C3752 /* lottaAppUITests.swift */ = {isa = PBXFileReference; lastKnownFileType = sourcecode.swift; path = lottaAppUITests.swift; sourceTree = "<group>"; };
		16F4361A1DDF8AF0007C3752 /* Info.plist */ = {isa = PBXFileReference; lastKnownFileType = text.plist.xml; path = Info.plist; sourceTree = "<group>"; };
		16F436261DDF8B35007C3752 /* FullSizeRenderTrans.png */ = {isa = PBXFileReference; lastKnownFileType = image.png; path = FullSizeRenderTrans.png; sourceTree = "<group>"; };
/* End PBXFileReference section */

/* Begin PBXFrameworksBuildPhase section */
		16F435F21DDF8AF0007C3752 /* Frameworks */ = {
			isa = PBXFrameworksBuildPhase;
			buildActionMask = 2147483647;
			files = (
			);
			runOnlyForDeploymentPostprocessing = 0;
		};
		16F436061DDF8AF0007C3752 /* Frameworks */ = {
			isa = PBXFrameworksBuildPhase;
			buildActionMask = 2147483647;
			files = (
			);
			runOnlyForDeploymentPostprocessing = 0;
		};
		16F436111DDF8AF0007C3752 /* Frameworks */ = {
			isa = PBXFrameworksBuildPhase;
			buildActionMask = 2147483647;
			files = (
			);
			runOnlyForDeploymentPostprocessing = 0;
		};
/* End PBXFrameworksBuildPhase section */

/* Begin PBXGroup section */
		16F435EC1DDF8AF0007C3752 = {
			isa = PBXGroup;
			children = (
				16F435F71DDF8AF0007C3752 /* lottaApp */,
				16F4360C1DDF8AF0007C3752 /* lottaAppTests */,
				16F436171DDF8AF0007C3752 /* lottaAppUITests */,
				16F435F61DDF8AF0007C3752 /* Products */,
			);
			sourceTree = "<group>";
		};
		16F435F61DDF8AF0007C3752 /* Products */ = {
			isa = PBXGroup;
			children = (
				16F435F51DDF8AF0007C3752 /* lottaApp.app */,
				16F436091DDF8AF0007C3752 /* lottaAppTests.xctest */,
				16F436141DDF8AF0007C3752 /* lottaAppUITests.xctest */,
			);
			name = Products;
			sourceTree = "<group>";
		};
		16F435F71DDF8AF0007C3752 /* lottaApp */ = {
			isa = PBXGroup;
			children = (
				16F435F81DDF8AF0007C3752 /* AppDelegate.swift */,
				16F435FA1DDF8AF0007C3752 /* ViewController.swift */,
				16F435FC1DDF8AF0007C3752 /* Main.storyboard */,
				16F435FF1DDF8AF0007C3752 /* Assets.xcassets */,
				16F436011DDF8AF0007C3752 /* LaunchScreen.storyboard */,
				16F436261DDF8B35007C3752 /* FullSizeRenderTrans.png */,
				16F436041DDF8AF0007C3752 /* Info.plist */,
			);
			path = lottaApp;
			sourceTree = "<group>";
		};
		16F4360C1DDF8AF0007C3752 /* lottaAppTests */ = {
			isa = PBXGroup;
			children = (
				16F4360D1DDF8AF0007C3752 /* lottaAppTests.swift */,
				16F4360F1DDF8AF0007C3752 /* Info.plist */,
			);
			path = lottaAppTests;
			sourceTree = "<group>";
		};
		16F436171DDF8AF0007C3752 /* lottaAppUITests */ = {
			isa = PBXGroup;
			children = (
				16F436181DDF8AF0007C3752 /* lottaAppUITests.swift */,
				16F4361A1DDF8AF0007C3752 /* Info.plist */,
			);
			path = lottaAppUITests;
			sourceTree = "<group>";
		};
/* End PBXGroup section */

/* Begin PBXNativeTarget section */
		16F435F41DDF8AF0007C3752 /* lottaApp */ = {
			isa = PBXNativeTarget;
			buildConfigurationList = 16F4361D1DDF8AF0007C3752 /* Build configuration list for PBXNativeTarget "lottaApp" */;
			buildPhases = (
				16F435F11DDF8AF0007C3752 /* Sources */,
				16F435F21DDF8AF0007C3752 /* Frameworks */,
				16F435F31DDF8AF0007C3752 /* Resources */,
			);
			buildRules = (
			);
			dependencies = (
			);
			name = lottaApp;
			productName = lottaApp;
			productReference = 16F435F51DDF8AF0007C3752 /* lottaApp.app */;
			productType = "com.apple.product-type.application";
		};
		16F436081DDF8AF0007C3752 /* lottaAppTests */ = {
			isa = PBXNativeTarget;
			buildConfigurationList = 16F436201DDF8AF0007C3752 /* Build configuration list for PBXNativeTarget "lottaAppTests" */;
			buildPhases = (
				16F436051DDF8AF0007C3752 /* Sources */,
				16F436061DDF8AF0007C3752 /* Frameworks */,
				16F436071DDF8AF0007C3752 /* Resources */,
			);
			buildRules = (
			);
			dependencies = (
				16F4360B1DDF8AF0007C3752 /* PBXTargetDependency */,
			);
			name = lottaAppTests;
			productName = lottaAppTests;
			productReference = 16F436091DDF8AF0007C3752 /* lottaAppTests.xctest */;
			productType = "com.apple.product-type.bundle.unit-test";
		};
		16F436131DDF8AF0007C3752 /* lottaAppUITests */ = {
			isa = PBXNativeTarget;
			buildConfigurationList = 16F436231DDF8AF0007C3752 /* Build configuration list for PBXNativeTarget "lottaAppUITests" */;
			buildPhases = (
				16F436101DDF8AF0007C3752 /* Sources */,
				16F436111DDF8AF0007C3752 /* Frameworks */,
				16F436121DDF8AF0007C3752 /* Resources */,
			);
			buildRules = (
			);
			dependencies = (
				16F436161DDF8AF0007C3752 /* PBXTargetDependency */,
			);
			name = lottaAppUITests;
			productName = lottaAppUITests;
			productReference = 16F436141DDF8AF0007C3752 /* lottaAppUITests.xctest */;
			productType = "com.apple.product-type.bundle.ui-testing";
		};
/* End PBXNativeTarget section */

/* Begin PBXProject section */
		16F435ED1DDF8AF0007C3752 /* Project object */ = {
			isa = PBXProject;
			attributes = {
				LastSwiftUpdateCheck = 0810;
				LastUpgradeCheck = 0810;
				ORGANIZATIONNAME = "John Montejano";
				TargetAttributes = {
					16F435F41DDF8AF0007C3752 = {
						CreatedOnToolsVersion = 8.1;
						DevelopmentTeam = 6T92523974;
						ProvisioningStyle = Automatic;
					};
					16F436081DDF8AF0007C3752 = {
						CreatedOnToolsVersion = 8.1;
						DevelopmentTeam = 6T92523974;
						ProvisioningStyle = Automatic;
						TestTargetID = 16F435F41DDF8AF0007C3752;
					};
					16F436131DDF8AF0007C3752 = {
						CreatedOnToolsVersion = 8.1;
						DevelopmentTeam = 6T92523974;
						ProvisioningStyle = Automatic;
						TestTargetID = 16F435F41DDF8AF0007C3752;
					};
				};
			};
			buildConfigurationList = 16F435F01DDF8AF0007C3752 /* Build configuration list for PBXProject "lottaApp" */;
			compatibilityVersion = "Xcode 3.2";
			developmentRegion = English;
			hasScannedForEncodings = 0;
			knownRegions = (
				en,
				Base,
			);
			mainGroup = 16F435EC1DDF8AF0007C3752;
			productRefGroup = 16F435F61DDF8AF0007C3752 /* Products */;
			projectDirPath = "";
			projectRoot = "";
			targets = (
				16F435F41DDF8AF0007C3752 /* lottaApp */,
				16F436081DDF8AF0007C3752 /* lottaAppTests */,
				16F436131DDF8AF0007C3752 /* lottaAppUITests */,
			);
		};
/* End PBXProject section */

/* Begin PBXResourcesBuildPhase section */
		16F435F31DDF8AF0007C3752 /* Resources */ = {
			isa = PBXResourcesBuildPhase;
			buildActionMask = 2147483647;
			files = (
				16F436271DDF8B35007C3752 /* FullSizeRenderTrans.png in Resources */,
				16F436031DDF8AF0007C3752 /* LaunchScreen.storyboard in Resources */,
				16F436001DDF8AF0007C3752 /* Assets.xcassets in Resources */,
				16F435FE1DDF8AF0007C3752 /* Main.storyboard in Resources */,
			);
			runOnlyForDeploymentPostprocessing = 0;
		};
		16F436071DDF8AF0007C3752 /* Resources */ = {
			isa = PBXResourcesBuildPhase;
			buildActionMask = 2147483647;
			files = (
			);
			runOnlyForDeploymentPostprocessing = 0;
		};
		16F436121DDF8AF0007C3752 /* Resources */ = {
			isa = PBXResourcesBuildPhase;
			buildActionMask = 2147483647;
			files = (
			);
			runOnlyForDeploymentPostprocessing = 0;
		};
/* End PBXResourcesBuildPhase section */

/* Begin PBXSourcesBuildPhase section */
		16F435F11DDF8AF0007C3752 /* Sources */ = {
			isa = PBXSourcesBuildPhase;
			buildActionMask = 2147483647;
			files = (
				16F435FB1DDF8AF0007C3752 /* ViewController.swift in Sources */,
				16F435F91DDF8AF0007C3752 /* AppDelegate.swift in Sources */,
			);
			runOnlyForDeploymentPostprocessing = 0;
		};
		16F436051DDF8AF0007C3752 /* Sources */ = {
			isa = PBXSourcesBuildPhase;
			buildActionMask = 2147483647;
			files = (
				16F4360E1DDF8AF0007C3752 /* lottaAppTests.swift in Sources */,
			);
			runOnlyForDeploymentPostprocessing = 0;
		};
		16F436101DDF8AF0007C3752 /* Sources */ = {
			isa = PBXSourcesBuildPhase;
			buildActionMask = 2147483647;
			files = (
				16F436191DDF8AF0007C3752 /* lottaAppUITests.swift in Sources */,
			);
			runOnlyForDeploymentPostprocessing = 0;
		};
/* End PBXSourcesBuildPhase section */

/* Begin PBXTargetDependency section */
		16F4360B1DDF8AF0007C3752 /* PBXTargetDependency */ = {
			isa = PBXTargetDependency;
			target = 16F435F41DDF8AF0007C3752 /* lottaApp */;
			targetProxy = 16F4360A1DDF8AF0007C3752 /* PBXContainerItemProxy */;
		};
		16F436161DDF8AF0007C3752 /* PBXTargetDependency */ = {
			isa = PBXTargetDependency;
			target = 16F435F41DDF8AF0007C3752 /* lottaApp */;
			targetProxy = 16F436151DDF8AF0007C3752 /* PBXContainerItemProxy */;
		};
/* End PBXTargetDependency section */

/* Begin PBXVariantGroup section */
		16F435FC1DDF8AF0007C3752 /* Main.storyboard */ = {
			isa = PBXVariantGroup;
			children = (
				16F435FD1DDF8AF0007C3752 /* Base */,
			);
			name = Main.storyboard;
			sourceTree = "<group>";
		};
		16F436011DDF8AF0007C3752 /* LaunchScreen.storyboard */ = {
			isa = PBXVariantGroup;
			children = (
				16F436021DDF8AF0007C3752 /* Base */,
			);
			name = LaunchScreen.storyboard;
			sourceTree = "<group>";
		};
/* End PBXVariantGroup section */

/* Begin XCBuildConfiguration section */
		16F4361B1DDF8AF0007C3752 /* Debug */ = {
			isa = XCBuildConfiguration;
			buildSettings = {
				ALWAYS_SEARCH_USER_PATHS = NO;
				CLANG_ANALYZER_NONNULL = YES;
				CLANG_CXX_LANGUAGE_STANDARD = "gnu++0x";
				CLANG_CXX_LIBRARY = "libc++";
				CLANG_ENABLE_MODULES = YES;
				CLANG_ENABLE_OBJC_ARC = YES;
				CLANG_WARN_BOOL_CONVERSION = YES;
				CLANG_WARN_CONSTANT_CONVERSION = YES;
				CLANG_WARN_DIRECT_OBJC_ISA_USAGE = YES_ERROR;
				CLANG_WARN_DOCUMENTATION_COMMENTS = YES;
				CLANG_WARN_EMPTY_BODY = YES;
				CLANG_WARN_ENUM_CONVERSION = YES;
				CLANG_WARN_INFINITE_RECURSION = YES;
				CLANG_WARN_INT_CONVERSION = YES;
				CLANG_WARN_OBJC_ROOT_CLASS = YES_ERROR;
				CLANG_WARN_SUSPICIOUS_MOVES = YES;
				CLANG_WARN_UNREACHABLE_CODE = YES;
				CLANG_WARN__DUPLICATE_METHOD_MATCH = YES;
				"CODE_SIGN_IDENTITY[sdk=iphoneos*]" = "iPhone Developer";
				COPY_PHASE_STRIP = NO;
				DEBUG_INFORMATION_FORMAT = dwarf;
				ENABLE_STRICT_OBJC_MSGSEND = YES;
				ENABLE_TESTABILITY = YES;
				GCC_C_LANGUAGE_STANDARD = gnu99;
				GCC_DYNAMIC_NO_PIC = NO;
				GCC_NO_COMMON_BLOCKS = YES;
				GCC_OPTIMIZATION_LEVEL = 0;
				GCC_PREPROCESSOR_DEFINITIONS = (
					"DEBUG=1",
					"$(inherited)",
				);
				GCC_WARN_64_TO_32_BIT_CONVERSION = YES;
				GCC_WARN_ABOUT_RETURN_TYPE = YES_ERROR;
				GCC_WARN_UNDECLARED_SELECTOR = YES;
				GCC_WARN_UNINITIALIZED_AUTOS = YES_AGGRESSIVE;
				GCC_WARN_UNUSED_FUNCTION = YES;
				GCC_WARN_UNUSED_VARIABLE = YES;
				IPHONEOS_DEPLOYMENT_TARGET = 10.1;
				MTL_ENABLE_DEBUG_INFO = YES;
				ONLY_ACTIVE_ARCH = YES;
				SDKROOT = iphoneos;
				SWIFT_ACTIVE_COMPILATION_CONDITIONS = DEBUG;
				SWIFT_OPTIMIZATION_LEVEL = "-Onone";
			};
			name = Debug;
		};
		16F4361C1DDF8AF0007C3752 /* Release */ = {
			isa = XCBuildConfiguration;
			buildSettings = {
				ALWAYS_SEARCH_USER_PATHS = NO;
				CLANG_ANALYZER_NONNULL = YES;
				CLANG_CXX_LANGUAGE_STANDARD = "gnu++0x";
				CLANG_CXX_LIBRARY = "libc++";
				CLANG_ENABLE_MODULES = YES;
				CLANG_ENABLE_OBJC_ARC = YES;
				CLANG_WARN_BOOL_CONVERSION = YES;
				CLANG_WARN_CONSTANT_CONVERSION = YES;
				CLANG_WARN_DIRECT_OBJC_ISA_USAGE = YES_ERROR;
				CLANG_WARN_DOCUMENTATION_COMMENTS = YES;
				CLANG_WARN_EMPTY_BODY = YES;
				CLANG_WARN_ENUM_CONVERSION = YES;
				CLANG_WARN_INFINITE_RECURSION = YES;
				CLANG_WARN_INT_CONVERSION = YES;
				CLANG_WARN_OBJC_ROOT_CLASS = YES_ERROR;
				CLANG_WARN_SUSPICIOUS_MOVES = YES;
				CLANG_WARN_UNREACHABLE_CODE = YES;
				CLANG_WARN__DUPLICATE_METHOD_MATCH = YES;
				"CODE_SIGN_IDENTITY[sdk=iphoneos*]" = "iPhone Developer";
				COPY_PHASE_STRIP = NO;
				DEBUG_INFORMATION_FORMAT = "dwarf-with-dsym";
				ENABLE_NS_ASSERTIONS = NO;
				ENABLE_STRICT_OBJC_MSGSEND = YES;
				GCC_C_LANGUAGE_STANDARD = gnu99;
				GCC_NO_COMMON_BLOCKS = YES;
				GCC_WARN_64_TO_32_BIT_CONVERSION = YES;
				GCC_WARN_ABOUT_RETURN_TYPE = YES_ERROR;
				GCC_WARN_UNDECLARED_SELECTOR = YES;
				GCC_WARN_UNINITIALIZED_AUTOS = YES_AGGRESSIVE;
				GCC_WARN_UNUSED_FUNCTION = YES;
				GCC_WARN_UNUSED_VARIABLE = YES;
				IPHONEOS_DEPLOYMENT_TARGET = 10.1;
				MTL_ENABLE_DEBUG_INFO = NO;
				SDKROOT = iphoneos;
				SWIFT_OPTIMIZATION_LEVEL = "-Owholemodule";
				VALIDATE_PRODUCT = YES;
			};
			name = Release;
		};
		16F4361E1DDF8AF0007C3752 /* Debug */ = {
			isa = XCBuildConfiguration;
			buildSettings = {
				ASSETCATALOG_COMPILER_APPICON_NAME = AppIcon;
				DEVELOPMENT_TEAM = 6T92523974;
				INFOPLIST_FILE = lottaApp/Info.plist;
				IPHONEOS_DEPLOYMENT_TARGET = 9.3;
				LD_RUNPATH_SEARCH_PATHS = "$(inherited) @executable_path/Frameworks";
				PRODUCT_BUNDLE_IDENTIFIER = com.lotta.lottaApp;
				PRODUCT_NAME = "$(TARGET_NAME)";
				SWIFT_VERSION = 3.0;
			};
			name = Debug;
		};
		16F4361F1DDF8AF0007C3752 /* Release */ = {
			isa = XCBuildConfiguration;
			buildSettings = {
				ASSETCATALOG_COMPILER_APPICON_NAME = AppIcon;
				DEVELOPMENT_TEAM = 6T92523974;
				INFOPLIST_FILE = lottaApp/Info.plist;
				IPHONEOS_DEPLOYMENT_TARGET = 9.3;
				LD_RUNPATH_SEARCH_PATHS = "$(inherited) @executable_path/Frameworks";
				PRODUCT_BUNDLE_IDENTIFIER = com.lotta.lottaApp;
				PRODUCT_NAME = "$(TARGET_NAME)";
				SWIFT_VERSION = 3.0;
			};
			name = Release;
		};
		16F436211DDF8AF0007C3752 /* Debug */ = {
			isa = XCBuildConfiguration;
			buildSettings = {
				ALWAYS_EMBED_SWIFT_STANDARD_LIBRARIES = YES;
				BUNDLE_LOADER = "$(TEST_HOST)";
				DEVELOPMENT_TEAM = 6T92523974;
				INFOPLIST_FILE = lottaAppTests/Info.plist;
				LD_RUNPATH_SEARCH_PATHS = "$(inherited) @executable_path/Frameworks @loader_path/Frameworks";
				PRODUCT_BUNDLE_IDENTIFIER = com.lotta.lottaAppTests;
				PRODUCT_NAME = "$(TARGET_NAME)";
				SWIFT_VERSION = 3.0;
				TEST_HOST = "$(BUILT_PRODUCTS_DIR)/lottaApp.app/lottaApp";
			};
			name = Debug;
		};
		16F436221DDF8AF0007C3752 /* Release */ = {
			isa = XCBuildConfiguration;
			buildSettings = {
				ALWAYS_EMBED_SWIFT_STANDARD_LIBRARIES = YES;
				BUNDLE_LOADER = "$(TEST_HOST)";
				DEVELOPMENT_TEAM = 6T92523974;
				INFOPLIST_FILE = lottaAppTests/Info.plist;
				LD_RUNPATH_SEARCH_PATHS = "$(inherited) @executable_path/Frameworks @loader_path/Frameworks";
				PRODUCT_BUNDLE_IDENTIFIER = com.lotta.lottaAppTests;
				PRODUCT_NAME = "$(TARGET_NAME)";
				SWIFT_VERSION = 3.0;
				TEST_HOST = "$(BUILT_PRODUCTS_DIR)/lottaApp.app/lottaApp";
			};
			name = Release;
		};
		16F436241DDF8AF0007C3752 /* Debug */ = {
			isa = XCBuildConfiguration;
			buildSettings = {
				ALWAYS_EMBED_SWIFT_STANDARD_LIBRARIES = YES;
				DEVELOPMENT_TEAM = 6T92523974;
				INFOPLIST_FILE = lottaAppUITests/Info.plist;
				LD_RUNPATH_SEARCH_PATHS = "$(inherited) @executable_path/Frameworks @loader_path/Frameworks";
				PRODUCT_BUNDLE_IDENTIFIER = com.lotta.lottaAppUITests;
				PRODUCT_NAME = "$(TARGET_NAME)";
				SWIFT_VERSION = 3.0;
				TEST_TARGET_NAME = lottaApp;
			};
			name = Debug;
		};
		16F436251DDF8AF0007C3752 /* Release */ = {
			isa = XCBuildConfiguration;
			buildSettings = {
				ALWAYS_EMBED_SWIFT_STANDARD_LIBRARIES = YES;
				DEVELOPMENT_TEAM = 6T92523974;
				INFOPLIST_FILE = lottaAppUITests/Info.plist;
				LD_RUNPATH_SEARCH_PATHS = "$(inherited) @executable_path/Frameworks @loader_path/Frameworks";
				PRODUCT_BUNDLE_IDENTIFIER = com.lotta.lottaAppUITests;
				PRODUCT_NAME = "$(TARGET_NAME)";
				SWIFT_VERSION = 3.0;
				TEST_TARGET_NAME = lottaApp;
			};
			name = Release;
		};
/* End XCBuildConfiguration section */

/* Begin XCConfigurationList section */
		16F435F01DDF8AF0007C3752 /* Build configuration list for PBXProject "lottaApp" */ = {
			isa = XCConfigurationList;
			buildConfigurations = (
				16F4361B1DDF8AF0007C3752 /* Debug */,
				16F4361C1DDF8AF0007C3752 /* Release */,
			);
			defaultConfigurationIsVisible = 0;
			defaultConfigurationName = Release;
		};
		16F4361D1DDF8AF0007C3752 /* Build configuration list for PBXNativeTarget "lottaApp" */ = {
			isa = XCConfigurationList;
			buildConfigurations = (
				16F4361E1DDF8AF0007C3752 /* Debug */,
				16F4361F1DDF8AF0007C3752 /* Release */,
			);
			defaultConfigurationIsVisible = 0;
		};
		16F436201DDF8AF0007C3752 /* Build configuration list for PBXNativeTarget "lottaAppTests" */ = {
			isa = XCConfigurationList;
			buildConfigurations = (
				16F436211DDF8AF0007C3752 /* Debug */,
				16F436221DDF8AF0007C3752 /* Release */,
			);
			defaultConfigurationIsVisible = 0;
		};
		16F436231DDF8AF0007C3752 /* Build configuration list for PBXNativeTarget "lottaAppUITests" */ = {
			isa = XCConfigurationList;
			buildConfigurations = (
				16F436241DDF8AF0007C3752 /* Debug */,
				16F436251DDF8AF0007C3752 /* Release */,
			);
			defaultConfigurationIsVisible = 0;
		};
/* End XCConfigurationList section */
	};
	rootObject = 16F435ED1DDF8AF0007C3752 /* Project object */;
}
